{
    "_meta": {
        "hash": {
            "sha256": "11e6f2b753e7deddb9674bc046753c3b2afac92569a5552f493a6a01f8104319"
        },
        "pipfile-spec": 6,
        "requires": {
            "python_version": "3.9"
        },
        "sources": [
            {
                "name": "pypi",
                "url": "https://pypi.org/simple",
                "verify_ssl": true
            }
        ]
    },
    "default": {
        "asgiref": {
            "hashes": [
                "sha256:5ee950735509d04eb673bd7f7120f8fa1c9e2df495394992c73234d526907e17",
                "sha256:7162a3cb30ab0609f1a4c95938fd73e8604f63bdba516a7f7d64b83ff09478f0"
            ],
            "markers": "python_version >= '3.5'",
            "version": "==3.3.1"
        },
        "cx-oracle": {
            "hashes": [
                "sha256:01b636af6b8332d4a688a120f2722c2fda8c8fa87ecec0573c91bed7668c5cd0",
                "sha256:0f9480c85a8c34f99aee3a4aaa700c2ca1015065a08bc27ca74b5aa1c8e4f141",
                "sha256:21fc4dde12cd49e755f861c38a3b9da74efb171d971487211d396ad9ff71b7fe",
                "sha256:2482f76b6d83b3e62fda5a5db12f9b18fb42c484993c08952614e02a476e9687",
                "sha256:2d5e4602ad4f35d513f302c956e40cd9b5ea7d8243cd48c9d718c263cf91bf67",
                "sha256:41698ca187b935f28c05655d97e845e04cee69d3ab632bf86b031bd5e5ccd3c5",
                "sha256:57930928cdaf79a4dba69ba1e228a1f993d35ee0a10a0a2c2722bb7fb983853f",
                "sha256:62e0b63e68067f1dc9ca018fd0d09d3834b05acec17344ac149c0ec2bfd45df1",
                "sha256:6ddaf1ec77bf55d452a31f6ef81789e2a410d9c1a1bbdd63e8a7eb73e6a38051",
                "sha256:b7bcef92299efaaa2b53c360e5703d3301faa156f896c67b5d2036498b861834",
                "sha256:e1698c5522ee1355e552b30bfa0a58e6e772475b882c5d69d158bd7e6aed45de",
                "sha256:f99b97574c0a0ffb3c2ddebb91e48c1140d7d9a59abe06933e6b358c7df056f6",
                "sha256:fa0211e711cb5ede2f806aafe542c6d70c780e46a166fe606f0384f1dd9a742f"
            ],
            "index": "pypi",
            "version": "==8.1.0"
        },
        "django": {
            "hashes": [
                "sha256:5c866205f15e7a7123f1eec6ab939d22d5bde1416635cab259684af66d8e48a2",
                "sha256:edb10b5c45e7e9c0fb1dc00b76ec7449aca258a39ffd613dbd078c51d19c9f03"
            ],
            "index": "pypi",
            "version": "==3.1.4"
        },
        "pytz": {
            "hashes": [
                "sha256:16962c5fb8db4a8f63a26646d8886e9d769b6c511543557bc84e9569fb9a9cb4",
                "sha256:180befebb1927b16f6b57101720075a984c019ac16b1b7575673bea42c6c3da5"
            ],
            "version": "==2020.5"
        },
        "sqlparse": {
            "hashes": [
                "sha256:017cde379adbd6a1f15a61873f43e8274179378e95ef3fede90b5aa64d304ed0",
                "sha256:0f91fd2e829c44362cbcfab3e9ae12e22badaa8a29ad5ff599f9ec109f0454e8"
            ],
            "markers": "python_version >= '3.5'",
            "version": "==0.4.1"
        }
    },
    "develop": {}
}
